
Microsoft Visual Studio Solution File, Format Version 12.00
# Visual Studio Version 17
VisualStudioVersion = 17.3.32825.248
MinimumVisualStudioVersion = 10.0.40219.1
Project("{FAE04EC0-301F-11D3-BF4B-00C04F79EFBC}") = "Exec3_Delegate", "Exec3_Delegate\Exec3_Delegate.csproj", "{E4E093E5-726D-41ED-9DC1-15379057F957}"
EndProject
Global
	GlobalSection(SolutionConfigurationPlatforms) = preSolution
		Debug|Any CPU = Debug|Any CPU
		Release|Any CPU = Release|Any CPU
	EndGlobalSection
	GlobalSection(ProjectConfigurationPlatforms) = postSolution
		{E4E093E5-726D-41ED-9DC1-15379057F957}.Debug|Any CPU.ActiveCfg = Debug|Any CPU
		{E4E093E5-726D-41ED-9DC1-15379057F957}.Debug|Any CPU.Build.0 = Debug|Any CPU
		{E4E093E5-726D-41ED-9DC1-15379057F957}.Release|Any CPU.ActiveCfg = Release|Any CPU
		{E4E093E5-726D-41ED-9DC1-15379057F957}.Release|Any CPU.Build.0 = Release|Any CPU
	EndGlobalSection
	GlobalSection(SolutionProperties) = preSolution
		HideSolutionNode = FALSE
	EndGlobalSection
	GlobalSection(ExtensibilityGlobals) = postSolution
		SolutionGuid = {DD77AB7E-3D17-4CC0-957C-5C066BAF274B}
	EndGlobalSection
EndGlobal
